// !$*UTF8*$!
{
	archiveVersion = 1;
	classes = {
	};
	objectVersion = 46;
	objects = {

/* Begin PBXBuildFile section */
		31809E65847F83C6255A8255 /* libPods.a in Frameworks */ = {isa = PBXBuildFile; fileRef = A530E0D705F0BEF28135DC11 /* libPods.a */; };
		44126A231A6DB8B6000A2EF7 /* main.m in Sources */ = {isa = PBXBuildFile; fileRef = 44126A221A6DB8B6000A2EF7 /* main.m */; };
		44126A261A6DB8B6000A2EF7 /* AppDelegate.m in Sources */ = {isa = PBXBuildFile; fileRef = 44126A251A6DB8B6000A2EF7 /* AppDelegate.m */; };
		44126A291A6DB8B6000A2EF7 /* RootViewController.m in Sources */ = {isa = PBXBuildFile; fileRef = 44126A281A6DB8B6000A2EF7 /* RootViewController.m */; };
		44126A2C1A6DB8B6000A2EF7 /* DataViewController.m in Sources */ = {isa = PBXBuildFile; fileRef = 44126A2B1A6DB8B6000A2EF7 /* DataViewController.m */; };
		44126A2F1A6DB8B6000A2EF7 /* ModelController.m in Sources */ = {isa = PBXBuildFile; fileRef = 44126A2E1A6DB8B6000A2EF7 /* ModelController.m */; };
		44126A321A6DB8B6000A2EF7 /* Main.storyboard in Resources */ = {isa = PBXBuildFile; fileRef = 44126A301A6DB8B6000A2EF7 /* Main.storyboard */; };
		44126A341A6DB8B6000A2EF7 /* Images.xcassets in Resources */ = {isa = PBXBuildFile; fileRef = 44126A331A6DB8B6000A2EF7 /* Images.xcassets */; };
		44126A371A6DB8B6000A2EF7 /* LaunchScreen.xib in Resources */ = {isa = PBXBuildFile; fileRef = 44126A351A6DB8B6000A2EF7 /* LaunchScreen.xib */; };
		44126A431A6DB8B6000A2EF7 /* ANALIZERTests.m in Sources */ = {isa = PBXBuildFile; fileRef = 44126A421A6DB8B6000A2EF7 /* ANALIZERTests.m */; };
		44126A4D1A6DEF7E000A2EF7 /* opencv2.framework in Frameworks */ = {isa = PBXBuildFile; fileRef = 44126A4C1A6DEF7E000A2EF7 /* opencv2.framework */; };
		44126A4F1A6DEFA7000A2EF7 /* AVFoundation.framework in Frameworks */ = {isa = PBXBuildFile; fileRef = 44126A4E1A6DEFA7000A2EF7 /* AVFoundation.framework */; };
		44126A511A6DEFAF000A2EF7 /* CoreImage.framework in Frameworks */ = {isa = PBXBuildFile; fileRef = 44126A501A6DEFAF000A2EF7 /* CoreImage.framework */; };
		44126A531A6DEFB8000A2EF7 /* CoreVideo.framework in Frameworks */ = {isa = PBXBuildFile; fileRef = 44126A521A6DEFB8000A2EF7 /* CoreVideo.framework */; };
		44126A551A6DEFBF000A2EF7 /* QuartzCore.framework in Frameworks */ = {isa = PBXBuildFile; fileRef = 44126A541A6DEFBF000A2EF7 /* QuartzCore.framework */; };
		44126A571A6DEFC5000A2EF7 /* UIKit.framework in Frameworks */ = {isa = PBXBuildFile; fileRef = 44126A561A6DEFC5000A2EF7 /* UIKit.framework */; };
		44126A591A6DEFCC000A2EF7 /* Foundation.framework in Frameworks */ = {isa = PBXBuildFile; fileRef = 44126A581A6DEFCC000A2EF7 /* Foundation.framework */; };
		44126A5B1A6DEFD5000A2EF7 /* CoreMedia.framework in Frameworks */ = {isa = PBXBuildFile; fileRef = 44126A5A1A6DEFD5000A2EF7 /* CoreMedia.framework */; };
		44126A5D1A6DEFE0000A2EF7 /* CoreGraphics.framework in Frameworks */ = {isa = PBXBuildFile; fileRef = 44126A5C1A6DEFE0000A2EF7 /* CoreGraphics.framework */; };
		44126A5F1A6DEFE7000A2EF7 /* Accelerate.framework in Frameworks */ = {isa = PBXBuildFile; fileRef = 44126A5E1A6DEFE7000A2EF7 /* Accelerate.framework */; };
		44126A611A6DEFF2000A2EF7 /* AssetsLibrary.framework in Frameworks */ = {isa = PBXBuildFile; fileRef = 44126A601A6DEFF2000A2EF7 /* AssetsLibrary.framework */; };
		44972F941A7198D8003C8777 /* LRModel.mm in Sources */ = {isa = PBXBuildFile; fileRef = 44972F931A7198D8003C8777 /* LRModel.mm */; };
		44972F951A7198D8003C8777 /* LRModel.mm in Sources */ = {isa = PBXBuildFile; fileRef = 44972F931A7198D8003C8777 /* LRModel.mm */; };
		44972F971A719C21003C8777 /* libz.dylib in Frameworks */ = {isa = PBXBuildFile; fileRef = 44972F961A719C21003C8777 /* libz.dylib */; };
		44972FAA1A71EB8C003C8777 /* ReadWrite.m in Sources */ = {isa = PBXBuildFile; fileRef = 44972FA91A71EB8C003C8777 /* ReadWrite.m */; };
		44972FAB1A71EB8C003C8777 /* ReadWrite.m in Sources */ = {isa = PBXBuildFile; fileRef = 44972FA91A71EB8C003C8777 /* ReadWrite.m */; };
		44D856681A72B45E000FD795 /* Test.mm in Sources */ = {isa = PBXBuildFile; fileRef = 44D856661A72B45E000FD795 /* Test.mm */; };
/* End PBXBuildFile section */

/* Begin PBXContainerItemProxy section */
		44126A3D1A6DB8B6000A2EF7 /* PBXContainerItemProxy */ = {
			isa = PBXContainerItemProxy;
			containerPortal = 44126A151A6DB8B6000A2EF7 /* Project object */;
			proxyType = 1;
			remoteGlobalIDString = 44126A1C1A6DB8B6000A2EF7;
			remoteInfo = ANALIZER;
		};
/* End PBXContainerItemProxy section */

/* Begin PBXFileReference section */
		44126A1D1A6DB8B6000A2EF7 /* ANALIZER.app */ = {isa = PBXFileReference; explicitFileType = wrapper.application; includeInIndex = 0; path = ANALIZER.app; sourceTree = BUILT_PRODUCTS_DIR; };
		44126A211A6DB8B6000A2EF7 /* Info.plist */ = {isa = PBXFileReference; lastKnownFileType = text.plist.xml; path = Info.plist; sourceTree = "<group>"; };
		44126A221A6DB8B6000A2EF7 /* main.m */ = {isa = PBXFileReference; lastKnownFileType = sourcecode.c.objc; path = main.m; sourceTree = "<group>"; };
		44126A241A6DB8B6000A2EF7 /* AppDelegate.h */ = {isa = PBXFileReference; lastKnownFileType = sourcecode.c.h; path = AppDelegate.h; sourceTree = "<group>"; };
		44126A251A6DB8B6000A2EF7 /* AppDelegate.m */ = {isa = PBXFileReference; lastKnownFileType = sourcecode.c.objc; path = AppDelegate.m; sourceTree = "<group>"; };
		44126A271A6DB8B6000A2EF7 /* RootViewController.h */ = {isa = PBXFileReference; lastKnownFileType = sourcecode.c.h; path = RootViewController.h; sourceTree = "<group>"; };
		44126A281A6DB8B6000A2EF7 /* RootViewController.m */ = {isa = PBXFileReference; lastKnownFileType = sourcecode.c.objc; path = RootViewController.m; sourceTree = "<group>"; };
		44126A2A1A6DB8B6000A2EF7 /* DataViewController.h */ = {isa = PBXFileReference; lastKnownFileType = sourcecode.c.h; path = DataViewController.h; sourceTree = "<group>"; };
		44126A2B1A6DB8B6000A2EF7 /* DataViewController.m */ = {isa = PBXFileReference; lastKnownFileType = sourcecode.c.objc; path = DataViewController.m; sourceTree = "<group>"; };
		44126A2D1A6DB8B6000A2EF7 /* ModelController.h */ = {isa = PBXFileReference; lastKnownFileType = sourcecode.c.h; path = ModelController.h; sourceTree = "<group>"; };
		44126A2E1A6DB8B6000A2EF7 /* ModelController.m */ = {isa = PBXFileReference; lastKnownFileType = sourcecode.c.objc; path = ModelController.m; sourceTree = "<group>"; };
		44126A311A6DB8B6000A2EF7 /* Base */ = {isa = PBXFileReference; lastKnownFileType = file.storyboard; name = Base; path = Base.lproj/Main.storyboard; sourceTree = "<group>"; };
		44126A331A6DB8B6000A2EF7 /* Images.xcassets */ = {isa = PBXFileReference; lastKnownFileType = folder.assetcatalog; path = Images.xcassets; sourceTree = "<group>"; };
		44126A361A6DB8B6000A2EF7 /* Base */ = {isa = PBXFileReference; lastKnownFileType = file.xib; name = Base; path = Base.lproj/LaunchScreen.xib; sourceTree = "<group>"; };
		44126A3C1A6DB8B6000A2EF7 /* ANALIZERTests.xctest */ = {isa = PBXFileReference; explicitFileType = wrapper.cfbundle; includeInIndex = 0; path = ANALIZERTests.xctest; sourceTree = BUILT_PRODUCTS_DIR; };
		44126A411A6DB8B6000A2EF7 /* Info.plist */ = {isa = PBXFileReference; lastKnownFileType = text.plist.xml; path = Info.plist; sourceTree = "<group>"; };
		44126A421A6DB8B6000A2EF7 /* ANALIZERTests.m */ = {isa = PBXFileReference; lastKnownFileType = sourcecode.c.objc; path = ANALIZERTests.m; sourceTree = "<group>"; };
		44126A4C1A6DEF7E000A2EF7 /* opencv2.framework */ = {isa = PBXFileReference; lastKnownFileType = wrapper.framework; path = opencv2.framework; sourceTree = "<group>"; };
		44126A4E1A6DEFA7000A2EF7 /* AVFoundation.framework */ = {isa = PBXFileReference; lastKnownFileType = wrapper.framework; name = AVFoundation.framework; path = System/Library/Frameworks/AVFoundation.framework; sourceTree = SDKROOT; };
		44126A501A6DEFAF000A2EF7 /* CoreImage.framework */ = {isa = PBXFileReference; lastKnownFileType = wrapper.framework; name = CoreImage.framework; path = System/Library/Frameworks/CoreImage.framework; sourceTree = SDKROOT; };
		44126A521A6DEFB8000A2EF7 /* CoreVideo.framework */ = {isa = PBXFileReference; lastKnownFileType = wrapper.framework; name = CoreVideo.framework; path = System/Library/Frameworks/CoreVideo.framework; sourceTree = SDKROOT; };
		44126A541A6DEFBF000A2EF7 /* QuartzCore.framework */ = {isa = PBXFileReference; lastKnownFileType = wrapper.framework; name = QuartzCore.framework; path = System/Library/Frameworks/QuartzCore.framework; sourceTree = SDKROOT; };
		44126A561A6DEFC5000A2EF7 /* UIKit.framework */ = {isa = PBXFileReference; lastKnownFileType = wrapper.framework; name = UIKit.framework; path = System/Library/Frameworks/UIKit.framework; sourceTree = SDKROOT; };
		44126A581A6DEFCC000A2EF7 /* Foundation.framework */ = {isa = PBXFileReference; lastKnownFileType = wrapper.framework; name = Foundation.framework; path = System/Library/Frameworks/Foundation.framework; sourceTree = SDKROOT; };
		44126A5A1A6DEFD5000A2EF7 /* CoreMedia.framework */ = {isa = PBXFileReference; lastKnownFileType = wrapper.framework; name = CoreMedia.framework; path = System/Library/Frameworks/CoreMedia.framework; sourceTree = SDKROOT; };
		44126A5C1A6DEFE0000A2EF7 /* CoreGraphics.framework */ = {isa = PBXFileReference; lastKnownFileType = wrapper.framework; name = CoreGraphics.framework; path = System/Library/Frameworks/CoreGraphics.framework; sourceTree = SDKROOT; };
		44126A5E1A6DEFE7000A2EF7 /* Accelerate.framework */ = {isa = PBXFileReference; lastKnownFileType = wrapper.framework; name = Accelerate.framework; path = System/Library/Frameworks/Accelerate.framework; sourceTree = SDKROOT; };
		44126A601A6DEFF2000A2EF7 /* AssetsLibrary.framework */ = {isa = PBXFileReference; lastKnownFileType = wrapper.framework; name = AssetsLibrary.framework; path = System/Library/Frameworks/AssetsLibrary.framework; sourceTree = SDKROOT; };
		44126A621A6DF0AB000A2EF7 /* ANALIZER-Prefix.pch */ = {isa = PBXFileReference; fileEncoding = 4; lastKnownFileType = sourcecode.c.h; path = "ANALIZER-Prefix.pch"; sourceTree = "<group>"; };
		4454006851774F1514642FDE /* Pods.debug.xcconfig */ = {isa = PBXFileReference; includeInIndex = 1; lastKnownFileType = text.xcconfig; name = Pods.debug.xcconfig; path = "Pods/Target Support Files/Pods/Pods.debug.xcconfig"; sourceTree = "<group>"; };
		44972F921A7197BF003C8777 /* LRModel.h */ = {isa = PBXFileReference; fileEncoding = 4; lastKnownFileType = sourcecode.c.h; path = LRModel.h; sourceTree = "<group>"; };
		44972F931A7198D8003C8777 /* LRModel.mm */ = {isa = PBXFileReference; fileEncoding = 4; lastKnownFileType = sourcecode.cpp.objcpp; path = LRModel.mm; sourceTree = "<group>"; };
		44972F961A719C21003C8777 /* libz.dylib */ = {isa = PBXFileReference; lastKnownFileType = "compiled.mach-o.dylib"; name = libz.dylib; path = usr/lib/libz.dylib; sourceTree = SDKROOT; };
		44972FA91A71EB8C003C8777 /* ReadWrite.m */ = {isa = PBXFileReference; fileEncoding = 4; lastKnownFileType = sourcecode.c.objc; path = ReadWrite.m; sourceTree = "<group>"; };
		44D856661A72B45E000FD795 /* Test.mm */ = {isa = PBXFileReference; fileEncoding = 4; lastKnownFileType = sourcecode.cpp.objcpp; path = Test.mm; sourceTree = "<group>"; };
		44D856671A72B45E000FD795 /* Test.h */ = {isa = PBXFileReference; fileEncoding = 4; lastKnownFileType = sourcecode.c.h; path = Test.h; sourceTree = "<group>"; };
		6DDDD82FFBBFB3D6D72E9790 /* Pods.release.xcconfig */ = {isa = PBXFileReference; includeInIndex = 1; lastKnownFileType = text.xcconfig; name = Pods.release.xcconfig; path = "Pods/Target Support Files/Pods/Pods.release.xcconfig"; sourceTree = "<group>"; };
		A530E0D705F0BEF28135DC11 /* libPods.a */ = {isa = PBXFileReference; explicitFileType = archive.ar; includeInIndex = 0; path = libPods.a; sourceTree = BUILT_PRODUCTS_DIR; };
/* End PBXFileReference section */

/* Begin PBXFrameworksBuildPhase section */
		44126A1A1A6DB8B6000A2EF7 /* Frameworks */ = {
			isa = PBXFrameworksBuildPhase;
			buildActionMask = 2147483647;
			files = (
				44972F971A719C21003C8777 /* libz.dylib in Frameworks */,
				44126A611A6DEFF2000A2EF7 /* AssetsLibrary.framework in Frameworks */,
				44126A5F1A6DEFE7000A2EF7 /* Accelerate.framework in Frameworks */,
				44126A5D1A6DEFE0000A2EF7 /* CoreGraphics.framework in Frameworks */,
				44126A5B1A6DEFD5000A2EF7 /* CoreMedia.framework in Frameworks */,
				44126A591A6DEFCC000A2EF7 /* Foundation.framework in Frameworks */,
				44126A571A6DEFC5000A2EF7 /* UIKit.framework in Frameworks */,
				44126A551A6DEFBF000A2EF7 /* QuartzCore.framework in Frameworks */,
				44126A531A6DEFB8000A2EF7 /* CoreVideo.framework in Frameworks */,
				44126A511A6DEFAF000A2EF7 /* CoreImage.framework in Frameworks */,
				44126A4F1A6DEFA7000A2EF7 /* AVFoundation.framework in Frameworks */,
				44126A4D1A6DEF7E000A2EF7 /* opencv2.framework in Frameworks */,
				31809E65847F83C6255A8255 /* libPods.a in Frameworks */,
			);
			runOnlyForDeploymentPostprocessing = 0;
		};
		44126A391A6DB8B6000A2EF7 /* Frameworks */ = {
			isa = PBXFrameworksBuildPhase;
			buildActionMask = 2147483647;
			files = (
			);
			runOnlyForDeploymentPostprocessing = 0;
		};
/* End PBXFrameworksBuildPhase section */

/* Begin PBXGroup section */
		14E1CAA79CCD856E335E10F8 /* Pods */ = {
			isa = PBXGroup;
			children = (
				4454006851774F1514642FDE /* Pods.debug.xcconfig */,
				6DDDD82FFBBFB3D6D72E9790 /* Pods.release.xcconfig */,
			);
			name = Pods;
			sourceTree = "<group>";
		};
		44126A141A6DB8B6000A2EF7 = {
			isa = PBXGroup;
			children = (
				44972F961A719C21003C8777 /* libz.dylib */,
				44126A601A6DEFF2000A2EF7 /* AssetsLibrary.framework */,
				44126A5E1A6DEFE7000A2EF7 /* Accelerate.framework */,
				44126A5C1A6DEFE0000A2EF7 /* CoreGraphics.framework */,
				44126A5A1A6DEFD5000A2EF7 /* CoreMedia.framework */,
				44126A581A6DEFCC000A2EF7 /* Foundation.framework */,
				44126A561A6DEFC5000A2EF7 /* UIKit.framework */,
				44126A541A6DEFBF000A2EF7 /* QuartzCore.framework */,
				44126A521A6DEFB8000A2EF7 /* CoreVideo.framework */,
				44126A501A6DEFAF000A2EF7 /* CoreImage.framework */,
				44126A4E1A6DEFA7000A2EF7 /* AVFoundation.framework */,
				44126A4C1A6DEF7E000A2EF7 /* opencv2.framework */,
				44126A1F1A6DB8B6000A2EF7 /* ANALIZER */,
				44126A3F1A6DB8B6000A2EF7 /* ANALIZERTests */,
				44126A1E1A6DB8B6000A2EF7 /* Products */,
				14E1CAA79CCD856E335E10F8 /* Pods */,
				6ECEFB419E09B2B0CCD76915 /* Frameworks */,
			);
			sourceTree = "<group>";
		};
		44126A1E1A6DB8B6000A2EF7 /* Products */ = {
			isa = PBXGroup;
			children = (
				44126A1D1A6DB8B6000A2EF7 /* ANALIZER.app */,
				44126A3C1A6DB8B6000A2EF7 /* ANALIZERTests.xctest */,
			);
			name = Products;
			sourceTree = "<group>";
		};
		44126A1F1A6DB8B6000A2EF7 /* ANALIZER */ = {
			isa = PBXGroup;
			children = (
				44126A241A6DB8B6000A2EF7 /* AppDelegate.h */,
				44126A251A6DB8B6000A2EF7 /* AppDelegate.m */,
				44126A271A6DB8B6000A2EF7 /* RootViewController.h */,
				44972F931A7198D8003C8777 /* LRModel.mm */,
				44126A281A6DB8B6000A2EF7 /* RootViewController.m */,
				44126A2A1A6DB8B6000A2EF7 /* DataViewController.h */,
				44126A2B1A6DB8B6000A2EF7 /* DataViewController.m */,
				44126A2D1A6DB8B6000A2EF7 /* ModelController.h */,
				44126A2E1A6DB8B6000A2EF7 /* ModelController.m */,
				44126A301A6DB8B6000A2EF7 /* Main.storyboard */,
				44126A331A6DB8B6000A2EF7 /* Images.xcassets */,
				44126A351A6DB8B6000A2EF7 /* LaunchScreen.xib */,
				44126A201A6DB8B6000A2EF7 /* Supporting Files */,
				44972F921A7197BF003C8777 /* LRModel.h */,
				44972FA91A71EB8C003C8777 /* ReadWrite.m */,
				44D856661A72B45E000FD795 /* Test.mm */,
				44D856671A72B45E000FD795 /* Test.h */,
			);
			path = ANALIZER;
			sourceTree = "<group>";
		};
		44126A201A6DB8B6000A2EF7 /* Supporting Files */ = {
			isa = PBXGroup;
			children = (
				44126A211A6DB8B6000A2EF7 /* Info.plist */,
				44126A221A6DB8B6000A2EF7 /* main.m */,
				44126A621A6DF0AB000A2EF7 /* ANALIZER-Prefix.pch */,
			);
			name = "Supporting Files";
			sourceTree = "<group>";
		};
		44126A3F1A6DB8B6000A2EF7 /* ANALIZERTests */ = {
			isa = PBXGroup;
			children = (
				44126A421A6DB8B6000A2EF7 /* ANALIZERTests.m */,
				44126A401A6DB8B6000A2EF7 /* Supporting Files */,
			);
			path = ANALIZERTests;
			sourceTree = "<group>";
		};
		44126A401A6DB8B6000A2EF7 /* Supporting Files */ = {
			isa = PBXGroup;
			children = (
				44126A411A6DB8B6000A2EF7 /* Info.plist */,
			);
			name = "Supporting Files";
			sourceTree = "<group>";
		};
		6ECEFB419E09B2B0CCD76915 /* Frameworks */ = {
			isa = PBXGroup;
			children = (
				A530E0D705F0BEF28135DC11 /* libPods.a */,
			);
			name = Frameworks;
			sourceTree = "<group>";
		};
/* End PBXGroup section */

/* Begin PBXNativeTarget section */
		44126A1C1A6DB8B6000A2EF7 /* ANALIZER */ = {
			isa = PBXNativeTarget;
			buildConfigurationList = 44126A461A6DB8B6000A2EF7 /* Build configuration list for PBXNativeTarget "ANALIZER" */;
			buildPhases = (
				A0F0CD6E0F1203D195D37CE2 /* Check Pods Manifest.lock */,
				44126A191A6DB8B6000A2EF7 /* Sources */,
				44126A1A1A6DB8B6000A2EF7 /* Frameworks */,
				44126A1B1A6DB8B6000A2EF7 /* Resources */,
				A18652B69BE4CECD00932A50 /* Copy Pods Resources */,
			);
			buildRules = (
			);
			dependencies = (
			);
			name = ANALIZER;
			productName = ANALIZER;
			productReference = 44126A1D1A6DB8B6000A2EF7 /* ANALIZER.app */;
			productType = "com.apple.product-type.application";
		};
		44126A3B1A6DB8B6000A2EF7 /* ANALIZERTests */ = {
			isa = PBXNativeTarget;
			buildConfigurationList = 44126A491A6DB8B6000A2EF7 /* Build configuration list for PBXNativeTarget "ANALIZERTests" */;
			buildPhases = (
				44126A381A6DB8B6000A2EF7 /* Sources */,
				44126A391A6DB8B6000A2EF7 /* Frameworks */,
				44126A3A1A6DB8B6000A2EF7 /* Resources */,
			);
			buildRules = (
			);
			dependencies = (
				44126A3E1A6DB8B6000A2EF7 /* PBXTargetDependency */,
			);
			name = ANALIZERTests;
			productName = ANALIZERTests;
			productReference = 44126A3C1A6DB8B6000A2EF7 /* ANALIZERTests.xctest */;
			productType = "com.apple.product-type.bundle.unit-test";
		};
/* End PBXNativeTarget section */

/* Begin PBXProject section */
		44126A151A6DB8B6000A2EF7 /* Project object */ = {
			isa = PBXProject;
			attributes = {
				LastUpgradeCheck = 0610;
				ORGANIZATIONNAME = "Nina Corp";
				TargetAttributes = {
					44126A1C1A6DB8B6000A2EF7 = {
						CreatedOnToolsVersion = 6.1.1;
					};
					44126A3B1A6DB8B6000A2EF7 = {
						CreatedOnToolsVersion = 6.1.1;
						TestTargetID = 44126A1C1A6DB8B6000A2EF7;
					};
				};
			};
			buildConfigurationList = 44126A181A6DB8B6000A2EF7 /* Build configuration list for PBXProject "ANALIZER" */;
			compatibilityVersion = "Xcode 3.2";
			developmentRegion = English;
			hasScannedForEncodings = 0;
			knownRegions = (
				en,
				Base,
			);
			mainGroup = 44126A141A6DB8B6000A2EF7;
			productRefGroup = 44126A1E1A6DB8B6000A2EF7 /* Products */;
			projectDirPath = "";
			projectRoot = "";
			targets = (
				44126A1C1A6DB8B6000A2EF7 /* ANALIZER */,
				44126A3B1A6DB8B6000A2EF7 /* ANALIZERTests */,
			);
		};
/* End PBXProject section */

/* Begin PBXResourcesBuildPhase section */
		44126A1B1A6DB8B6000A2EF7 /* Resources */ = {
			isa = PBXResourcesBuildPhase;
			buildActionMask = 2147483647;
			files = (
				44126A321A6DB8B6000A2EF7 /* Main.storyboard in Resources */,
				44126A371A6DB8B6000A2EF7 /* LaunchScreen.xib in Resources */,
				44126A341A6DB8B6000A2EF7 /* Images.xcassets in Resources */,
			);
			runOnlyForDeploymentPostprocessing = 0;
		};
		44126A3A1A6DB8B6000A2EF7 /* Resources */ = {
			isa = PBXResourcesBuildPhase;
			buildActionMask = 2147483647;
			files = (
			);
			runOnlyForDeploymentPostprocessing = 0;
		};
/* End PBXResourcesBuildPhase section */

/* Begin PBXShellScriptBuildPhase section */
		A0F0CD6E0F1203D195D37CE2 /* Check Pods Manifest.lock */ = {
			isa = PBXShellScriptBuildPhase;
			buildActionMask = 2147483647;
			files = (
			);
			inputPaths = (
			);
			name = "Check Pods Manifest.lock";
			outputPaths = (
			);
			runOnlyForDeploymentPostprocessing = 0;
			shellPath = /bin/sh;
			shellScript = "diff \"${PODS_ROOT}/../Podfile.lock\" \"${PODS_ROOT}/Manifest.lock\" > /dev/null\nif [[ $? != 0 ]] ; then\n    cat << EOM\nerror: The sandbox is not in sync with the Podfile.lock. Run 'pod install' or update your CocoaPods installation.\nEOM\n    exit 1\nfi\n";
			showEnvVarsInLog = 0;
		};
		A18652B69BE4CECD00932A50 /* Copy Pods Resources */ = {
			isa = PBXShellScriptBuildPhase;
			buildActionMask = 2147483647;
			files = (
			);
			inputPaths = (
			);
			name = "Copy Pods Resources";
			outputPaths = (
			);
			runOnlyForDeploymentPostprocessing = 0;
			shellPath = /bin/sh;
			shellScript = "\"${SRCROOT}/Pods/Target Support Files/Pods/Pods-resources.sh\"\n";
			showEnvVarsInLog = 0;
		};
/* End PBXShellScriptBuildPhase section */

/* Begin PBXSourcesBuildPhase section */
		44126A191A6DB8B6000A2EF7 /* Sources */ = {
			isa = PBXSourcesBuildPhase;
			buildActionMask = 2147483647;
			files = (
				44972FAA1A71EB8C003C8777 /* ReadWrite.m in Sources */,
				44D856681A72B45E000FD795 /* Test.mm in Sources */,
				44126A2C1A6DB8B6000A2EF7 /* DataViewController.m in Sources */,
				44126A261A6DB8B6000A2EF7 /* AppDelegate.m in Sources */,
				44126A2F1A6DB8B6000A2EF7 /* ModelController.m in Sources */,
				44126A231A6DB8B6000A2EF7 /* main.m in Sources */,
				44126A291A6DB8B6000A2EF7 /* RootViewController.m in Sources */,
				44972F941A7198D8003C8777 /* LRModel.mm in Sources */,
			);
			runOnlyForDeploymentPostprocessing = 0;
		};
		44126A381A6DB8B6000A2EF7 /* Sources */ = {
			isa = PBXSourcesBuildPhase;
			buildActionMask = 2147483647;
			files = (
				44126A431A6DB8B6000A2EF7 /* ANALIZERTests.m in Sources */,
				44972FAB1A71EB8C003C8777 /* ReadWrite.m in Sources */,
				44972F951A7198D8003C8777 /* LRModel.mm in Sources */,
			);
			runOnlyForDeploymentPostprocessing = 0;
		};
/* End PBXSourcesBuildPhase section */

/* Begin PBXTargetDependency section */
		44126A3E1A6DB8B6000A2EF7 /* PBXTargetDependency */ = {
			isa = PBXTargetDependency;
			target = 44126A1C1A6DB8B6000A2EF7 /* ANALIZER */;
			targetProxy = 44126A3D1A6DB8B6000A2EF7 /* PBXContainerItemProxy */;
		};
/* End PBXTargetDependency section */

/* Begin PBXVariantGroup section */
		44126A301A6DB8B6000A2EF7 /* Main.storyboard */ = {
			isa = PBXVariantGroup;
			children = (
				44126A311A6DB8B6000A2EF7 /* Base */,
			);
			name = Main.storyboard;
			sourceTree = "<group>";
		};
		44126A351A6DB8B6000A2EF7 /* LaunchScreen.xib */ = {
			isa = PBXVariantGroup;
			children = (
				44126A361A6DB8B6000A2EF7 /* Base */,
			);
			name = LaunchScreen.xib;
			sourceTree = "<group>";
		};
/* End PBXVariantGroup section */

/* Begin XCBuildConfiguration section */
		44126A441A6DB8B6000A2EF7 /* Debug */ = {
			isa = XCBuildConfiguration;
			buildSettings = {
				ALWAYS_SEARCH_USER_PATHS = NO;
				CLANG_CXX_LANGUAGE_STANDARD = "gnu++0x";
				CLANG_CXX_LIBRARY = "libc++";
				CLANG_ENABLE_MODULES = YES;
				CLANG_ENABLE_OBJC_ARC = YES;
				CLANG_WARN_BOOL_CONVERSION = YES;
				CLANG_WARN_CONSTANT_CONVERSION = YES;
				CLANG_WARN_DIRECT_OBJC_ISA_USAGE = YES_ERROR;
				CLANG_WARN_EMPTY_BODY = YES;
				CLANG_WARN_ENUM_CONVERSION = YES;
				CLANG_WARN_INT_CONVERSION = YES;
				CLANG_WARN_OBJC_ROOT_CLASS = YES_ERROR;
				CLANG_WARN_UNREACHABLE_CODE = YES;
				CLANG_WARN__DUPLICATE_METHOD_MATCH = YES;
				"CODE_SIGN_IDENTITY[sdk=iphoneos*]" = "iPhone Developer";
				COPY_PHASE_STRIP = NO;
				ENABLE_STRICT_OBJC_MSGSEND = YES;
				GCC_C_LANGUAGE_STANDARD = gnu99;
				GCC_DYNAMIC_NO_PIC = NO;
				GCC_OPTIMIZATION_LEVEL = 0;
				GCC_PREPROCESSOR_DEFINITIONS = (
					"DEBUG=1",
					"$(inherited)",
				);
				GCC_SYMBOLS_PRIVATE_EXTERN = NO;
				GCC_WARN_64_TO_32_BIT_CONVERSION = YES;
				GCC_WARN_ABOUT_RETURN_TYPE = YES_ERROR;
				GCC_WARN_UNDECLARED_SELECTOR = YES;
				GCC_WARN_UNINITIALIZED_AUTOS = YES_AGGRESSIVE;
				GCC_WARN_UNUSED_FUNCTION = YES;
				GCC_WARN_UNUSED_VARIABLE = YES;
				IPHONEOS_DEPLOYMENT_TARGET = 8.1;
				MTL_ENABLE_DEBUG_INFO = YES;
				ONLY_ACTIVE_ARCH = YES;
				OTHER_LDFLAGS = "-lz";
				SDKROOT = iphoneos;
				TARGETED_DEVICE_FAMILY = "1,2";
			};
			name = Debug;
		};
		44126A451A6DB8B6000A2EF7 /* Release */ = {
			isa = XCBuildConfiguration;
			buildSettings = {
				ALWAYS_SEARCH_USER_PATHS = NO;
				CLANG_CXX_LANGUAGE_STANDARD = "gnu++0x";
				CLANG_CXX_LIBRARY = "libc++";
				CLANG_ENABLE_MODULES = YES;
				CLANG_ENABLE_OBJC_ARC = YES;
				CLANG_WARN_BOOL_CONVERSION = YES;
				CLANG_WARN_CONSTANT_CONVERSION = YES;
				CLANG_WARN_DIRECT_OBJC_ISA_USAGE = YES_ERROR;
				CLANG_WARN_EMPTY_BODY = YES;
				CLANG_WARN_ENUM_CONVERSION = YES;
				CLANG_WARN_INT_CONVERSION = YES;
				CLANG_WARN_OBJC_ROOT_CLASS = YES_ERROR;
				CLANG_WARN_UNREACHABLE_CODE = YES;
				CLANG_WARN__DUPLICATE_METHOD_MATCH = YES;
				"CODE_SIGN_IDENTITY[sdk=iphoneos*]" = "iPhone Developer";
				COPY_PHASE_STRIP = YES;
				ENABLE_NS_ASSERTIONS = NO;
				ENABLE_STRICT_OBJC_MSGSEND = YES;
				GCC_C_LANGUAGE_STANDARD = gnu99;
				GCC_WARN_64_TO_32_BIT_CONVERSION = YES;
				GCC_WARN_ABOUT_RETURN_TYPE = YES_ERROR;
				GCC_WARN_UNDECLARED_SELECTOR = YES;
				GCC_WARN_UNINITIALIZED_AUTOS = YES_AGGRESSIVE;
				GCC_WARN_UNUSED_FUNCTION = YES;
				GCC_WARN_UNUSED_VARIABLE = YES;
				IPHONEOS_DEPLOYMENT_TARGET = 8.1;
				MTL_ENABLE_DEBUG_INFO = NO;
				OTHER_LDFLAGS = "-lz";
				SDKROOT = iphoneos;
				TARGETED_DEVICE_FAMILY = "1,2";
				VALIDATE_PRODUCT = YES;
			};
			name = Release;
		};
		44126A471A6DB8B6000A2EF7 /* Debug */ = {
			isa = XCBuildConfiguration;
			baseConfigurationReference = 4454006851774F1514642FDE /* Pods.debug.xcconfig */;
			buildSettings = {
				ASSETCATALOG_COMPILER_APPICON_NAME = AppIcon;
				FRAMEWORK_SEARCH_PATHS = (
					"$(inherited)",
					"$(PROJECT_DIR)",
				);
				INFOPLIST_FILE = ANALIZER/Info.plist;
				LD_RUNPATH_SEARCH_PATHS = "$(inherited) @executable_path/Frameworks";
				PRODUCT_NAME = "$(TARGET_NAME)";
			};
			name = Debug;
		};
		44126A481A6DB8B6000A2EF7 /* Release */ = {
			isa = XCBuildConfiguration;
			baseConfigurationReference = 6DDDD82FFBBFB3D6D72E9790 /* Pods.release.xcconfig */;
			buildSettings = {
				ASSETCATALOG_COMPILER_APPICON_NAME = AppIcon;
				FRAMEWORK_SEARCH_PATHS = (
					"$(inherited)",
					"$(PROJECT_DIR)",
				);
				INFOPLIST_FILE = ANALIZER/Info.plist;
				LD_RUNPATH_SEARCH_PATHS = "$(inherited) @executable_path/Frameworks";
				PRODUCT_NAME = "$(TARGET_NAME)";
			};
			name = Release;
		};
		44126A4A1A6DB8B6000A2EF7 /* Debug */ = {
			isa = XCBuildConfiguration;
			buildSettings = {
				BUNDLE_LOADER = "$(TEST_HOST)";
				FRAMEWORK_SEARCH_PATHS = (
					"$(SDKROOT)/Developer/Library/Frameworks",
					"$(inherited)",
				);
				GCC_PREPROCESSOR_DEFINITIONS = (
					"DEBUG=1",
					"$(inherited)",
				);
				INFOPLIST_FILE = ANALIZERTests/Info.plist;
				LD_RUNPATH_SEARCH_PATHS = "$(inherited) @executable_path/Frameworks @loader_path/Frameworks";
				PRODUCT_NAME = "$(TARGET_NAME)";
				TEST_HOST = "$(BUILT_PRODUCTS_DIR)/ANALIZER.app/ANALIZER";
			};
			name = Debug;
		};
		44126A4B1A6DB8B6000A2EF7 /* Release */ = {
			isa = XCBuildConfiguration;
			buildSettings = {
				BUNDLE_LOADER = "$(TEST_HOST)";
				FRAMEWORK_SEARCH_PATHS = (
					"$(SDKROOT)/Developer/Library/Frameworks",
					"$(inherited)",
				);
				INFOPLIST_FILE = ANALIZERTests/Info.plist;
				LD_RUNPATH_SEARCH_PATHS = "$(inherited) @executable_path/Frameworks @loader_path/Frameworks";
				PRODUCT_NAME = "$(TARGET_NAME)";
				TEST_HOST = "$(BUILT_PRODUCTS_DIR)/ANALIZER.app/ANALIZER";
			};
			name = Release;
		};
/* End XCBuildConfiguration section */

/* Begin XCConfigurationList section */
		44126A181A6DB8B6000A2EF7 /* Build configuration list for PBXProject "ANALIZER" */ = {
			isa = XCConfigurationList;
			buildConfigurations = (
				44126A441A6DB8B6000A2EF7 /* Debug */,
				44126A451A6DB8B6000A2EF7 /* Release */,
			);
			defaultConfigurationIsVisible = 0;
			defaultConfigurationName = Release;
		};
		44126A461A6DB8B6000A2EF7 /* Build configuration list for PBXNativeTarget "ANALIZER" */ = {
			isa = XCConfigurationList;
			buildConfigurations = (
				44126A471A6DB8B6000A2EF7 /* Debug */,
				44126A481A6DB8B6000A2EF7 /* Release */,
			);
			defaultConfigurationIsVisible = 0;
			defaultConfigurationName = Release;
		};
		44126A491A6DB8B6000A2EF7 /* Build configuration list for PBXNativeTarget "ANALIZERTests" */ = {
			isa = XCConfigurationList;
			buildConfigurations = (
				44126A4A1A6DB8B6000A2EF7 /* Debug */,
				44126A4B1A6DB8B6000A2EF7 /* Release */,
			);
			defaultConfigurationIsVisible = 0;
			defaultConfigurationName = Release;
		};
/* End XCConfigurationList section */
	};
	rootObject = 44126A151A6DB8B6000A2EF7 /* Project object */;
}
